
Microsoft Visual Studio Solution File, Format Version 12.00
# Visual Studio Version 16
VisualStudioVersion = 16.0.32802.440
MinimumVisualStudioVersion = 10.0.40219.1
Project("{FAE04EC0-301F-11D3-BF4B-00C04F79EFBC}") = "Relic", "Relic.csproj", "{D064D129-3521-4904-BB25-B5FAEB60A3BE}"
EndProject
Global
	GlobalSection(SolutionConfigurationPlatforms) = preSolution
		Debug|Any CPU = Debug|Any CPU
		Release|Any CPU = Release|Any CPU
	EndGlobalSection
	GlobalSection(ProjectConfigurationPlatforms) = postSolution
		{D064D129-3521-4904-BB25-B5FAEB60A3BE}.Debug|Any CPU.ActiveCfg = Debug|Any CPU
		{D064D129-3521-4904-BB25-B5FAEB60A3BE}.Debug|Any CPU.Build.0 = Debug|Any CPU
		{D064D129-3521-4904-BB25-B5FAEB60A3BE}.Release|Any CPU.ActiveCfg = Release|Any CPU
		{D064D129-3521-4904-BB25-B5FAEB60A3BE}.Release|Any CPU.Build.0 = Release|Any CPU
	EndGlobalSection
	GlobalSection(SolutionProperties) = preSolution
		HideSolutionNode = FALSE
	EndGlobalSection
	GlobalSection(ExtensibilityGlobals) = postSolution
		SolutionGuid = {200C823B-C81B-47B7-884D-78E4C41DE6A8}
	EndGlobalSection
EndGlobal
